
Microsoft Visual Studio Solution File, Format Version 12.00
# Visual Studio 15
VisualStudioVersion = 15.0.26430.16
MinimumVisualStudioVersion = 10.0.40219.1
Project("{2150E333-8FDC-42A3-9474-1A3956D46DE8}") = "BusinessLoginLayer", "BusinessLoginLayer", "{3C61F302-25B4-47DC-8314-E9542138ED4A}"
EndProject
Project("{2150E333-8FDC-42A3-9474-1A3956D46DE8}") = "DataAccessLayer", "DataAccessLayer", "{09243893-6851-4B9B-8FAD-4CD04D02BD41}"
EndProject
Project("{2150E333-8FDC-42A3-9474-1A3956D46DE8}") = "PresentationLayer", "PresentationLayer", "{150A8A65-99EB-402E-916A-33CA45082588}"
EndProject
Project("{2150E333-8FDC-42A3-9474-1A3956D46DE8}") = "Common", "Common", "{877C60BC-AE15-4504-9E54-0334658255D5}"
EndProject
Project("{FAE04EC0-301F-11D3-BF4B-00C04F79EFBC}") = "Note.Model", "Note.Model\Note.Model.csproj", "{AAE6E7BA-A63B-4113-ACC6-78F9778ACB06}"
EndProject
Project("{FAE04EC0-301F-11D3-BF4B-00C04F79EFBC}") = "Note.IDAL", "Note.IDAL\Note.IDAL.csproj", "{00EED038-8111-4F0D-93C2-33613238B0D2}"
EndProject
Project("{FAE04EC0-301F-11D3-BF4B-00C04F79EFBC}") = "Note.DAL", "Note.DAL\Note.DAL.csproj", "{A84961FC-907D-4EC3-9199-BC9B1FCEDBFB}"
EndProject
Project("{FAE04EC0-301F-11D3-BF4B-00C04F79EFBC}") = "Note.BLL", "Note.BLL\Note.BLL.csproj", "{5183F2AB-0DD8-48ED-B7EC-A2CFE5C3560C}"
EndProject
Project("{FAE04EC0-301F-11D3-BF4B-00C04F79EFBC}") = "Note.MVC6", "Note.MVC6\Note.MVC6.csproj", "{C4677BFD-A613-4372-B84F-B4A563410E9D}"
EndProject
Global
	GlobalSection(SolutionConfigurationPlatforms) = preSolution
		Debug|Any CPU = Debug|Any CPU
		Release|Any CPU = Release|Any CPU
	EndGlobalSection
	GlobalSection(ProjectConfigurationPlatforms) = postSolution
		{AAE6E7BA-A63B-4113-ACC6-78F9778ACB06}.Debug|Any CPU.ActiveCfg = Debug|Any CPU
		{AAE6E7BA-A63B-4113-ACC6-78F9778ACB06}.Debug|Any CPU.Build.0 = Debug|Any CPU
		{AAE6E7BA-A63B-4113-ACC6-78F9778ACB06}.Release|Any CPU.ActiveCfg = Release|Any CPU
		{AAE6E7BA-A63B-4113-ACC6-78F9778ACB06}.Release|Any CPU.Build.0 = Release|Any CPU
		{00EED038-8111-4F0D-93C2-33613238B0D2}.Debug|Any CPU.ActiveCfg = Debug|Any CPU
		{00EED038-8111-4F0D-93C2-33613238B0D2}.Debug|Any CPU.Build.0 = Debug|Any CPU
		{00EED038-8111-4F0D-93C2-33613238B0D2}.Release|Any CPU.ActiveCfg = Release|Any CPU
		{00EED038-8111-4F0D-93C2-33613238B0D2}.Release|Any CPU.Build.0 = Release|Any CPU
		{A84961FC-907D-4EC3-9199-BC9B1FCEDBFB}.Debug|Any CPU.ActiveCfg = Debug|Any CPU
		{A84961FC-907D-4EC3-9199-BC9B1FCEDBFB}.Debug|Any CPU.Build.0 = Debug|Any CPU
		{A84961FC-907D-4EC3-9199-BC9B1FCEDBFB}.Release|Any CPU.ActiveCfg = Release|Any CPU
		{A84961FC-907D-4EC3-9199-BC9B1FCEDBFB}.Release|Any CPU.Build.0 = Release|Any CPU
		{5183F2AB-0DD8-48ED-B7EC-A2CFE5C3560C}.Debug|Any CPU.ActiveCfg = Debug|Any CPU
		{5183F2AB-0DD8-48ED-B7EC-A2CFE5C3560C}.Debug|Any CPU.Build.0 = Debug|Any CPU
		{5183F2AB-0DD8-48ED-B7EC-A2CFE5C3560C}.Release|Any CPU.ActiveCfg = Release|Any CPU
		{5183F2AB-0DD8-48ED-B7EC-A2CFE5C3560C}.Release|Any CPU.Build.0 = Release|Any CPU
		{C4677BFD-A613-4372-B84F-B4A563410E9D}.Debug|Any CPU.ActiveCfg = Debug|Any CPU
		{C4677BFD-A613-4372-B84F-B4A563410E9D}.Debug|Any CPU.Build.0 = Debug|Any CPU
		{C4677BFD-A613-4372-B84F-B4A563410E9D}.Release|Any CPU.ActiveCfg = Release|Any CPU
		{C4677BFD-A613-4372-B84F-B4A563410E9D}.Release|Any CPU.Build.0 = Release|Any CPU
	EndGlobalSection
	GlobalSection(SolutionProperties) = preSolution
		HideSolutionNode = FALSE
	EndGlobalSection
	GlobalSection(NestedProjects) = preSolution
		{AAE6E7BA-A63B-4113-ACC6-78F9778ACB06} = {877C60BC-AE15-4504-9E54-0334658255D5}
		{00EED038-8111-4F0D-93C2-33613238B0D2} = {09243893-6851-4B9B-8FAD-4CD04D02BD41}
		{A84961FC-907D-4EC3-9199-BC9B1FCEDBFB} = {09243893-6851-4B9B-8FAD-4CD04D02BD41}
		{5183F2AB-0DD8-48ED-B7EC-A2CFE5C3560C} = {3C61F302-25B4-47DC-8314-E9542138ED4A}
		{C4677BFD-A613-4372-B84F-B4A563410E9D} = {150A8A65-99EB-402E-916A-33CA45082588}
	EndGlobalSection
EndGlobal
